// !$*UTF8*$!
{
	archiveVersion = 1;
	classes = {
	};
	objectVersion = 46;
	objects = {

/* Begin PBXBuildFile section */
		08140E8F1BC9980C00E7E4A9 /* AddTaskViewController.swift in Sources */ = {isa = PBXBuildFile; fileRef = 08140E8E1BC9980C00E7E4A9 /* AddTaskViewController.swift */; settings = {ASSET_TAGS = (); }; };
		08140E911BCA315400E7E4A9 /* SummaryViewController.swift in Sources */ = {isa = PBXBuildFile; fileRef = 08140E901BCA315400E7E4A9 /* SummaryViewController.swift */; settings = {ASSET_TAGS = (); }; };
		0853E9D51BC8EFA6004B1C89 /* AppDelegate.swift in Sources */ = {isa = PBXBuildFile; fileRef = 0853E9D41BC8EFA6004B1C89 /* AppDelegate.swift */; };
		0853E9DA1BC8EFA6004B1C89 /* Main.storyboard in Resources */ = {isa = PBXBuildFile; fileRef = 0853E9D81BC8EFA6004B1C89 /* Main.storyboard */; };
		0853E9DC1BC8EFA6004B1C89 /* Assets.xcassets in Resources */ = {isa = PBXBuildFile; fileRef = 0853E9DB1BC8EFA6004B1C89 /* Assets.xcassets */; };
		0853E9DF1BC8EFA6004B1C89 /* LaunchScreen.storyboard in Resources */ = {isa = PBXBuildFile; fileRef = 0853E9DD1BC8EFA6004B1C89 /* LaunchScreen.storyboard */; };
		0853E9EA1BC8EFA6004B1C89 /* ToDoListTests.swift in Sources */ = {isa = PBXBuildFile; fileRef = 0853E9E91BC8EFA6004B1C89 /* ToDoListTests.swift */; };
		0853E9F51BC8EFA6004B1C89 /* ToDoListUITests.swift in Sources */ = {isa = PBXBuildFile; fileRef = 0853E9F41BC8EFA6004B1C89 /* ToDoListUITests.swift */; };
		0853EA051BC8F1C1004B1C89 /* TableViewController.swift in Sources */ = {isa = PBXBuildFile; fileRef = 0853EA041BC8F1C1004B1C89 /* TableViewController.swift */; settings = {ASSET_TAGS = (); }; };
/* End PBXBuildFile section */

/* Begin PBXContainerItemProxy section */
		0853E9E61BC8EFA6004B1C89 /* PBXContainerItemProxy */ = {
			isa = PBXContainerItemProxy;
			containerPortal = 0853E9C91BC8EFA5004B1C89 /* Project object */;
			proxyType = 1;
			remoteGlobalIDString = 0853E9D01BC8EFA5004B1C89;
			remoteInfo = ToDoList;
		};
		0853E9F11BC8EFA6004B1C89 /* PBXContainerItemProxy */ = {
			isa = PBXContainerItemProxy;
			containerPortal = 0853E9C91BC8EFA5004B1C89 /* Project object */;
			proxyType = 1;
			remoteGlobalIDString = 0853E9D01BC8EFA5004B1C89;
			remoteInfo = ToDoList;
		};
/* End PBXContainerItemProxy section */

/* Begin PBXFileReference section */
		08140E8E1BC9980C00E7E4A9 /* AddTaskViewController.swift */ = {isa = PBXFileReference; fileEncoding = 4; lastKnownFileType = sourcecode.swift; path = AddTaskViewController.swift; sourceTree = "<group>"; };
		08140E901BCA315400E7E4A9 /* SummaryViewController.swift */ = {isa = PBXFileReference; fileEncoding = 4; lastKnownFileType = sourcecode.swift; path = SummaryViewController.swift; sourceTree = "<group>"; };
		0853E9D11BC8EFA6004B1C89 /* ToDoList.app */ = {isa = PBXFileReference; explicitFileType = wrapper.application; includeInIndex = 0; path = ToDoList.app; sourceTree = BUILT_PRODUCTS_DIR; };
		0853E9D41BC8EFA6004B1C89 /* AppDelegate.swift */ = {isa = PBXFileReference; lastKnownFileType = sourcecode.swift; path = AppDelegate.swift; sourceTree = "<group>"; };
		0853E9D91BC8EFA6004B1C89 /* Base */ = {isa = PBXFileReference; lastKnownFileType = file.storyboard; name = Base; path = Base.lproj/Main.storyboard; sourceTree = "<group>"; };
		0853E9DB1BC8EFA6004B1C89 /* Assets.xcassets */ = {isa = PBXFileReference; lastKnownFileType = folder.assetcatalog; path = Assets.xcassets; sourceTree = "<group>"; };
		0853E9DE1BC8EFA6004B1C89 /* Base */ = {isa = PBXFileReference; lastKnownFileType = file.storyboard; name = Base; path = Base.lproj/LaunchScreen.storyboard; sourceTree = "<group>"; };
		0853E9E01BC8EFA6004B1C89 /* Info.plist */ = {isa = PBXFileReference; lastKnownFileType = text.plist.xml; path = Info.plist; sourceTree = "<group>"; };
		0853E9E51BC8EFA6004B1C89 /* ToDoListTests.xctest */ = {isa = PBXFileReference; explicitFileType = wrapper.cfbundle; includeInIndex = 0; path = ToDoListTests.xctest; sourceTree = BUILT_PRODUCTS_DIR; };
		0853E9E91BC8EFA6004B1C89 /* ToDoListTests.swift */ = {isa = PBXFileReference; lastKnownFileType = sourcecode.swift; path = ToDoListTests.swift; sourceTree = "<group>"; };
		0853E9EB1BC8EFA6004B1C89 /* Info.plist */ = {isa = PBXFileReference; lastKnownFileType = text.plist.xml; path = Info.plist; sourceTree = "<group>"; };
		0853E9F01BC8EFA6004B1C89 /* ToDoListUITests.xctest */ = {isa = PBXFileReference; explicitFileType = wrapper.cfbundle; includeInIndex = 0; path = ToDoListUITests.xctest; sourceTree = BUILT_PRODUCTS_DIR; };
		0853E9F41BC8EFA6004B1C89 /* ToDoListUITests.swift */ = {isa = PBXFileReference; lastKnownFileType = sourcecode.swift; path = ToDoListUITests.swift; sourceTree = "<group>"; };
		0853E9F61BC8EFA6004B1C89 /* Info.plist */ = {isa = PBXFileReference; lastKnownFileType = text.plist.xml; path = Info.plist; sourceTree = "<group>"; };
		0853EA041BC8F1C1004B1C89 /* TableViewController.swift */ = {isa = PBXFileReference; fileEncoding = 4; lastKnownFileType = sourcecode.swift; path = TableViewController.swift; sourceTree = "<group>"; };
/* End PBXFileReference section */

/* Begin PBXFrameworksBuildPhase section */
		0853E9CE1BC8EFA5004B1C89 /* Frameworks */ = {
			isa = PBXFrameworksBuildPhase;
			buildActionMask = 2147483647;
			files = (
			);
			runOnlyForDeploymentPostprocessing = 0;
		};
		0853E9E21BC8EFA6004B1C89 /* Frameworks */ = {
			isa = PBXFrameworksBuildPhase;
			buildActionMask = 2147483647;
			files = (
			);
			runOnlyForDeploymentPostprocessing = 0;
		};
		0853E9ED1BC8EFA6004B1C89 /* Frameworks */ = {
			isa = PBXFrameworksBuildPhase;
			buildActionMask = 2147483647;
			files = (
			);
			runOnlyForDeploymentPostprocessing = 0;
		};
/* End PBXFrameworksBuildPhase section */

/* Begin PBXGroup section */
		0853E9C81BC8EFA5004B1C89 = {
			isa = PBXGroup;
			children = (
				0853E9D31BC8EFA6004B1C89 /* ToDoList */,
				0853E9E81BC8EFA6004B1C89 /* ToDoListTests */,
				0853E9F31BC8EFA6004B1C89 /* ToDoListUITests */,
				0853E9D21BC8EFA6004B1C89 /* Products */,
			);
			sourceTree = "<group>";
		};
		0853E9D21BC8EFA6004B1C89 /* Products */ = {
			isa = PBXGroup;
			children = (
				0853E9D11BC8EFA6004B1C89 /* ToDoList.app */,
				0853E9E51BC8EFA6004B1C89 /* ToDoListTests.xctest */,
				0853E9F01BC8EFA6004B1C89 /* ToDoListUITests.xctest */,
			);
			name = Products;
			sourceTree = "<group>";
		};
		0853E9D31BC8EFA6004B1C89 /* ToDoList */ = {
			isa = PBXGroup;
			children = (
				0853E9D41BC8EFA6004B1C89 /* AppDelegate.swift */,
				0853E9D81BC8EFA6004B1C89 /* Main.storyboard */,
				0853E9DB1BC8EFA6004B1C89 /* Assets.xcassets */,
				0853E9DD1BC8EFA6004B1C89 /* LaunchScreen.storyboard */,
				0853E9E01BC8EFA6004B1C89 /* Info.plist */,
				0853EA041BC8F1C1004B1C89 /* TableViewController.swift */,
				08140E8E1BC9980C00E7E4A9 /* AddTaskViewController.swift */,
				08140E901BCA315400E7E4A9 /* SummaryViewController.swift */,
			);
			path = ToDoList;
			sourceTree = "<group>";
		};
		0853E9E81BC8EFA6004B1C89 /* ToDoListTests */ = {
			isa = PBXGroup;
			children = (
				0853E9E91BC8EFA6004B1C89 /* ToDoListTests.swift */,
				0853E9EB1BC8EFA6004B1C89 /* Info.plist */,
			);
			path = ToDoListTests;
			sourceTree = "<group>";
		};
		0853E9F31BC8EFA6004B1C89 /* ToDoListUITests */ = {
			isa = PBXGroup;
			children = (
				0853E9F41BC8EFA6004B1C89 /* ToDoListUITests.swift */,
				0853E9F61BC8EFA6004B1C89 /* Info.plist */,
			);
			path = ToDoListUITests;
			sourceTree = "<group>";
		};
/* End PBXGroup section */

/* Begin PBXNativeTarget section */
		0853E9D01BC8EFA5004B1C89 /* ToDoList */ = {
			isa = PBXNativeTarget;
			buildConfigurationList = 0853E9F91BC8EFA6004B1C89 /* Build configuration list for PBXNativeTarget "ToDoList" */;
			buildPhases = (
				0853E9CD1BC8EFA5004B1C89 /* Sources */,
				0853E9CE1BC8EFA5004B1C89 /* Frameworks */,
				0853E9CF1BC8EFA5004B1C89 /* Resources */,
			);
			buildRules = (
			);
			dependencies = (
			);
			name = ToDoList;
			productName = ToDoList;
			productReference = 0853E9D11BC8EFA6004B1C89 /* ToDoList.app */;
			productType = "com.apple.product-type.application";
		};
		0853E9E41BC8EFA6004B1C89 /* ToDoListTests */ = {
			isa = PBXNativeTarget;
			buildConfigurationList = 0853E9FC1BC8EFA6004B1C89 /* Build configuration list for PBXNativeTarget "ToDoListTests" */;
			buildPhases = (
				0853E9E11BC8EFA6004B1C89 /* Sources */,
				0853E9E21BC8EFA6004B1C89 /* Frameworks */,
				0853E9E31BC8EFA6004B1C89 /* Resources */,
			);
			buildRules = (
			);
			dependencies = (
				0853E9E71BC8EFA6004B1C89 /* PBXTargetDependency */,
			);
			name = ToDoListTests;
			productName = ToDoListTests;
			productReference = 0853E9E51BC8EFA6004B1C89 /* ToDoListTests.xctest */;
			productType = "com.apple.product-type.bundle.unit-test";
		};
		0853E9EF1BC8EFA6004B1C89 /* ToDoListUITests */ = {
			isa = PBXNativeTarget;
			buildConfigurationList = 0853E9FF1BC8EFA6004B1C89 /* Build configuration list for PBXNativeTarget "ToDoListUITests" */;
			buildPhases = (
				0853E9EC1BC8EFA6004B1C89 /* Sources */,
				0853E9ED1BC8EFA6004B1C89 /* Frameworks */,
				0853E9EE1BC8EFA6004B1C89 /* Resources */,
			);
			buildRules = (
			);
			dependencies = (
				0853E9F21BC8EFA6004B1C89 /* PBXTargetDependency */,
			);
			name = ToDoListUITests;
			productName = ToDoListUITests;
			productReference = 0853E9F01BC8EFA6004B1C89 /* ToDoListUITests.xctest */;
			productType = "com.apple.product-type.bundle.ui-testing";
		};
/* End PBXNativeTarget section */

/* Begin PBXProject section */
		0853E9C91BC8EFA5004B1C89 /* Project object */ = {
			isa = PBXProject;
			attributes = {
				LastUpgradeCheck = 0700;
				ORGANIZATIONNAME = ZT;
				TargetAttributes = {
					0853E9D01BC8EFA5004B1C89 = {
						CreatedOnToolsVersion = 7.0.1;
					};
					0853E9E41BC8EFA6004B1C89 = {
						CreatedOnToolsVersion = 7.0.1;
						TestTargetID = 0853E9D01BC8EFA5004B1C89;
					};
					0853E9EF1BC8EFA6004B1C89 = {
						CreatedOnToolsVersion = 7.0.1;
						TestTargetID = 0853E9D01BC8EFA5004B1C89;
					};
				};
			};
			buildConfigurationList = 0853E9CC1BC8EFA5004B1C89 /* Build configuration list for PBXProject "ToDoList" */;
			compatibilityVersion = "Xcode 3.2";
			developmentRegion = English;
			hasScannedForEncodings = 0;
			knownRegions = (
				en,
				Base,
			);
			mainGroup = 0853E9C81BC8EFA5004B1C89;
			productRefGroup = 0853E9D21BC8EFA6004B1C89 /* Products */;
			projectDirPath = "";
			projectRoot = "";
			targets = (
				0853E9D01BC8EFA5004B1C89 /* ToDoList */,
				0853E9E41BC8EFA6004B1C89 /* ToDoListTests */,
				0853E9EF1BC8EFA6004B1C89 /* ToDoListUITests */,
			);
		};
/* End PBXProject section */

/* Begin PBXResourcesBuildPhase section */
		0853E9CF1BC8EFA5004B1C89 /* Resources */ = {
			isa = PBXResourcesBuildPhase;
			buildActionMask = 2147483647;
			files = (
				0853E9DF1BC8EFA6004B1C89 /* LaunchScreen.storyboard in Resources */,
				0853E9DC1BC8EFA6004B1C89 /* Assets.xcassets in Resources */,
				0853E9DA1BC8EFA6004B1C89 /* Main.storyboard in Resources */,
			);
			runOnlyForDeploymentPostprocessing = 0;
		};
		0853E9E31BC8EFA6004B1C89 /* Resources */ = {
			isa = PBXResourcesBuildPhase;
			buildActionMask = 2147483647;
			files = (
			);
			runOnlyForDeploymentPostprocessing = 0;
		};
		0853E9EE1BC8EFA6004B1C89 /* Resources */ = {
			isa = PBXResourcesBuildPhase;
			buildActionMask = 2147483647;
			files = (
			);
			runOnlyForDeploymentPostprocessing = 0;
		};
/* End PBXResourcesBuildPhase section */

/* Begin PBXSourcesBuildPhase section */
		0853E9CD1BC8EFA5004B1C89 /* Sources */ = {
			isa = PBXSourcesBuildPhase;
			buildActionMask = 2147483647;
			files = (
				0853E9D51BC8EFA6004B1C89 /* AppDelegate.swift in Sources */,
				08140E8F1BC9980C00E7E4A9 /* AddTaskViewController.swift in Sources */,
				0853EA051BC8F1C1004B1C89 /* TableViewController.swift in Sources */,
				08140E911BCA315400E7E4A9 /* SummaryViewController.swift in Sources */,
			);
			runOnlyForDeploymentPostprocessing = 0;
		};
		0853E9E11BC8EFA6004B1C89 /* Sources */ = {
			isa = PBXSourcesBuildPhase;
			buildActionMask = 2147483647;
			files = (
				0853E9EA1BC8EFA6004B1C89 /* ToDoListTests.swift in Sources */,
			);
			runOnlyForDeploymentPostprocessing = 0;
		};
		0853E9EC1BC8EFA6004B1C89 /* Sources */ = {
			isa = PBXSourcesBuildPhase;
			buildActionMask = 2147483647;
			files = (
				0853E9F51BC8EFA6004B1C89 /* ToDoListUITests.swift in Sources */,
			);
			runOnlyForDeploymentPostprocessing = 0;
		};
/* End PBXSourcesBuildPhase section */

/* Begin PBXTargetDependency section */
		0853E9E71BC8EFA6004B1C89 /* PBXTargetDependency */ = {
			isa = PBXTargetDependency;
			target = 0853E9D01BC8EFA5004B1C89 /* ToDoList */;
			targetProxy = 0853E9E61BC8EFA6004B1C89 /* PBXContainerItemProxy */;
		};
		0853E9F21BC8EFA6004B1C89 /* PBXTargetDependency */ = {
			isa = PBXTargetDependency;
			target = 0853E9D01BC8EFA5004B1C89 /* ToDoList */;
			targetProxy = 0853E9F11BC8EFA6004B1C89 /* PBXContainerItemProxy */;
		};
/* End PBXTargetDependency section */

/* Begin PBXVariantGroup section */
		0853E9D81BC8EFA6004B1C89 /* Main.storyboard */ = {
			isa = PBXVariantGroup;
			children = (
				0853E9D91BC8EFA6004B1C89 /* Base */,
			);
			name = Main.storyboard;
			sourceTree = "<group>";
		};
		0853E9DD1BC8EFA6004B1C89 /* LaunchScreen.storyboard */ = {
			isa = PBXVariantGroup;
			children = (
				0853E9DE1BC8EFA6004B1C89 /* Base */,
			);
			name = LaunchScreen.storyboard;
			sourceTree = "<group>";
		};
/* End PBXVariantGroup section */

/* Begin XCBuildConfiguration section */
		0853E9F71BC8EFA6004B1C89 /* Debug */ = {
			isa = XCBuildConfiguration;
			buildSettings = {
				ALWAYS_SEARCH_USER_PATHS = NO;
				CLANG_CXX_LANGUAGE_STANDARD = "gnu++0x";
				CLANG_CXX_LIBRARY = "libc++";
				CLANG_ENABLE_MODULES = YES;
				CLANG_ENABLE_OBJC_ARC = YES;
				CLANG_WARN_BOOL_CONVERSION = YES;
				CLANG_WARN_CONSTANT_CONVERSION = YES;
				CLANG_WARN_DIRECT_OBJC_ISA_USAGE = YES_ERROR;
				CLANG_WARN_EMPTY_BODY = YES;
				CLANG_WARN_ENUM_CONVERSION = YES;
				CLANG_WARN_INT_CONVERSION = YES;
				CLANG_WARN_OBJC_ROOT_CLASS = YES_ERROR;
				CLANG_WARN_UNREACHABLE_CODE = YES;
				CLANG_WARN__DUPLICATE_METHOD_MATCH = YES;
				"CODE_SIGN_IDENTITY[sdk=iphoneos*]" = "iPhone Developer";
				COPY_PHASE_STRIP = NO;
				DEBUG_INFORMATION_FORMAT = dwarf;
				ENABLE_STRICT_OBJC_MSGSEND = YES;
				ENABLE_TESTABILITY = YES;
				GCC_C_LANGUAGE_STANDARD = gnu99;
				GCC_DYNAMIC_NO_PIC = NO;
				GCC_NO_COMMON_BLOCKS = YES;
				GCC_OPTIMIZATION_LEVEL = 0;
				GCC_PREPROCESSOR_DEFINITIONS = (
					"DEBUG=1",
					"$(inherited)",
				);
				GCC_WARN_64_TO_32_BIT_CONVERSION = YES;
				GCC_WARN_ABOUT_RETURN_TYPE = YES_ERROR;
				GCC_WARN_UNDECLARED_SELECTOR = YES;
				GCC_WARN_UNINITIALIZED_AUTOS = YES_AGGRESSIVE;
				GCC_WARN_UNUSED_FUNCTION = YES;
				GCC_WARN_UNUSED_VARIABLE = YES;
				IPHONEOS_DEPLOYMENT_TARGET = 9.0;
				MTL_ENABLE_DEBUG_INFO = YES;
				ONLY_ACTIVE_ARCH = YES;
				SDKROOT = iphoneos;
				SWIFT_OPTIMIZATION_LEVEL = "-Onone";
			};
			name = Debug;
		};
		0853E9F81BC8EFA6004B1C89 /* Release */ = {
			isa = XCBuildConfiguration;
			buildSettings = {
				ALWAYS_SEARCH_USER_PATHS = NO;
				CLANG_CXX_LANGUAGE_STANDARD = "gnu++0x";
				CLANG_CXX_LIBRARY = "libc++";
				CLANG_ENABLE_MODULES = YES;
				CLANG_ENABLE_OBJC_ARC = YES;
				CLANG_WARN_BOOL_CONVERSION = YES;
				CLANG_WARN_CONSTANT_CONVERSION = YES;
				CLANG_WARN_DIRECT_OBJC_ISA_USAGE = YES_ERROR;
				CLANG_WARN_EMPTY_BODY = YES;
				CLANG_WARN_ENUM_CONVERSION = YES;
				CLANG_WARN_INT_CONVERSION = YES;
				CLANG_WARN_OBJC_ROOT_CLASS = YES_ERROR;
				CLANG_WARN_UNREACHABLE_CODE = YES;
				CLANG_WARN__DUPLICATE_METHOD_MATCH = YES;
				"CODE_SIGN_IDENTITY[sdk=iphoneos*]" = "iPhone Developer";
				COPY_PHASE_STRIP = NO;
				DEBUG_INFORMATION_FORMAT = "dwarf-with-dsym";
				ENABLE_NS_ASSERTIONS = NO;
				ENABLE_STRICT_OBJC_MSGSEND = YES;
				GCC_C_LANGUAGE_STANDARD = gnu99;
				GCC_NO_COMMON_BLOCKS = YES;
				GCC_WARN_64_TO_32_BIT_CONVERSION = YES;
				GCC_WARN_ABOUT_RETURN_TYPE = YES_ERROR;
				GCC_WARN_UNDECLARED_SELECTOR = YES;
				GCC_WARN_UNINITIALIZED_AUTOS = YES_AGGRESSIVE;
				GCC_WARN_UNUSED_FUNCTION = YES;
				GCC_WARN_UNUSED_VARIABLE = YES;
				IPHONEOS_DEPLOYMENT_TARGET = 9.0;
				MTL_ENABLE_DEBUG_INFO = NO;
				SDKROOT = iphoneos;
				VALIDATE_PRODUCT = YES;
			};
			name = Release;
		};
		0853E9FA1BC8EFA6004B1C89 /* Debug */ = {
			isa = XCBuildConfiguration;
			buildSettings = {
				ASSETCATALOG_COMPILER_APPICON_NAME = AppIcon;
				INFOPLIST_FILE = ToDoList/Info.plist;
				LD_RUNPATH_SEARCH_PATHS = "$(inherited) @executable_path/Frameworks";
				PRODUCT_BUNDLE_IDENTIFIER = "edu.berkeley.cs.cs199-aez.ToDoList";
				PRODUCT_NAME = "$(TARGET_NAME)";
			};
			name = Debug;
		};
		0853E9FB1BC8EFA6004B1C89 /* Release */ = {
			isa = XCBuildConfiguration;
			buildSettings = {
				ASSETCATALOG_COMPILER_APPICON_NAME = AppIcon;
				INFOPLIST_FILE = ToDoList/Info.plist;
				LD_RUNPATH_SEARCH_PATHS = "$(inherited) @executable_path/Frameworks";
				PRODUCT_BUNDLE_IDENTIFIER = "edu.berkeley.cs.cs199-aez.ToDoList";
				PRODUCT_NAME = "$(TARGET_NAME)";
			};
			name = Release;
		};
		0853E9FD1BC8EFA6004B1C89 /* Debug */ = {
			isa = XCBuildConfiguration;
			buildSettings = {
				BUNDLE_LOADER = "$(TEST_HOST)";
				INFOPLIST_FILE = ToDoListTests/Info.plist;
				LD_RUNPATH_SEARCH_PATHS = "$(inherited) @executable_path/Frameworks @loader_path/Frameworks";
				PRODUCT_BUNDLE_IDENTIFIER = "edu.berkeley.cs.cs199-aez.ToDoListTests";
				PRODUCT_NAME = "$(TARGET_NAME)";
				TEST_HOST = "$(BUILT_PRODUCTS_DIR)/ToDoList.app/ToDoList";
			};
			name = Debug;
		};
		0853E9FE1BC8EFA6004B1C89 /* Release */ = {
			isa = XCBuildConfiguration;
			buildSettings = {
				BUNDLE_LOADER = "$(TEST_HOST)";
				INFOPLIST_FILE = ToDoListTests/Info.plist;
				LD_RUNPATH_SEARCH_PATHS = "$(inherited) @executable_path/Frameworks @loader_path/Frameworks";
				PRODUCT_BUNDLE_IDENTIFIER = "edu.berkeley.cs.cs199-aez.ToDoListTests";
				PRODUCT_NAME = "$(TARGET_NAME)";
				TEST_HOST = "$(BUILT_PRODUCTS_DIR)/ToDoList.app/ToDoList";
			};
			name = Release;
		};
		0853EA001BC8EFA6004B1C89 /* Debug */ = {
			isa = XCBuildConfiguration;
			buildSettings = {
				INFOPLIST_FILE = ToDoListUITests/Info.plist;
				LD_RUNPATH_SEARCH_PATHS = "$(inherited) @executable_path/Frameworks @loader_path/Frameworks";
				PRODUCT_BUNDLE_IDENTIFIER = "edu.berkeley.cs.cs199-aez.ToDoListUITests";
				PRODUCT_NAME = "$(TARGET_NAME)";
				TEST_TARGET_NAME = ToDoList;
				USES_XCTRUNNER = YES;
			};
			name = Debug;
		};
		0853EA011BC8EFA6004B1C89 /* Release */ = {
			isa = XCBuildConfiguration;
			buildSettings = {
				INFOPLIST_FILE = ToDoListUITests/Info.plist;
				LD_RUNPATH_SEARCH_PATHS = "$(inherited) @executable_path/Frameworks @loader_path/Frameworks";
				PRODUCT_BUNDLE_IDENTIFIER = "edu.berkeley.cs.cs199-aez.ToDoListUITests";
				PRODUCT_NAME = "$(TARGET_NAME)";
				TEST_TARGET_NAME = ToDoList;
				USES_XCTRUNNER = YES;
			};
			name = Release;
		};
/* End XCBuildConfiguration section */

/* Begin XCConfigurationList section */
		0853E9CC1BC8EFA5004B1C89 /* Build configuration list for PBXProject "ToDoList" */ = {
			isa = XCConfigurationList;
			buildConfigurations = (
				0853E9F71BC8EFA6004B1C89 /* Debug */,
				0853E9F81BC8EFA6004B1C89 /* Release */,
			);
			defaultConfigurationIsVisible = 0;
			defaultConfigurationName = Release;
		};
		0853E9F91BC8EFA6004B1C89 /* Build configuration list for PBXNativeTarget "ToDoList" */ = {
			isa = XCConfigurationList;
			buildConfigurations = (
				0853E9FA1BC8EFA6004B1C89 /* Debug */,
				0853E9FB1BC8EFA6004B1C89 /* Release */,
			);
			defaultConfigurationIsVisible = 0;
			defaultConfigurationName = Release;
		};
		0853E9FC1BC8EFA6004B1C89 /* Build configuration list for PBXNativeTarget "ToDoListTests" */ = {
			isa = XCConfigurationList;
			buildConfigurations = (
				0853E9FD1BC8EFA6004B1C89 /* Debug */,
				0853E9FE1BC8EFA6004B1C89 /* Release */,
			);
			defaultConfigurationIsVisible = 0;
			defaultConfigurationName = Release;
		};
		0853E9FF1BC8EFA6004B1C89 /* Build configuration list for PBXNativeTarget "ToDoListUITests" */ = {
			isa = XCConfigurationList;
			buildConfigurations = (
				0853EA001BC8EFA6004B1C89 /* Debug */,
				0853EA011BC8EFA6004B1C89 /* Release */,
			);
			defaultConfigurationIsVisible = 0;
			defaultConfigurationName = Release;
		};
/* End XCConfigurationList section */
	};
	rootObject = 0853E9C91BC8EFA5004B1C89 /* Project object */;
}
